<?xml version="1.0" encoding="utf-8"?>
<Project ToolsVersion="4.0" xmlns="http://schemas.microsoft.com/developer/msbuild/2003">
  <ItemGroup>
    <Filter Include="Generated Files">
      <UniqueIdentifier>{71ED8ED8-ACB9-4CE9-BBE1-E00B30144E11}</UniqueIdentifier>
      <Extensions>cpp;c;cxx;moc;h;def;odl;idl;res;</Extensions>
    </Filter>
    <Filter Include="Generated Files">
      <UniqueIdentifier>{71ED8ED8-ACB9-4CE9-BBE1-E00B30144E11}</UniqueIdentifier>
      <Extensions>cpp;c;cxx;moc;h;def;odl;idl;res;</Extensions>
    </Filter>
    <Filter Include="Header Files">
      <UniqueIdentifier>{93995380-89BD-4b04-88EB-625FBE52EBFB}</UniqueIdentifier>
      <Extensions>h;hpp;hxx;hm;inl;inc;xsd</Extensions>
    </Filter>
    <Filter Include="Header Files">
      <UniqueIdentifier>{93995380-89BD-4b04-88EB-625FBE52EBFB}</UniqueIdentifier>
      <Extensions>h;hpp;hxx;hm;inl;inc;xsd</Extensions>
    </Filter>
    <Filter Include="Resource Files">
      <UniqueIdentifier>{D9D6E242-F8AF-46E4-B9FD-80ECBC20BA3E}</UniqueIdentifier>
      <Extensions>qrc;*</Extensions>
      <ParseFiles>false</ParseFiles>
    </Filter>
    <Filter Include="Resource Files">
      <UniqueIdentifier>{D9D6E242-F8AF-46E4-B9FD-80ECBC20BA3E}</UniqueIdentifier>
      <Extensions>qrc;*</Extensions>
      <ParseFiles>false</ParseFiles>
    </Filter>
    <Filter Include="Source Files">
      <UniqueIdentifier>{4FC737F1-C7A5-4376-A066-2A32D752A2FF}</UniqueIdentifier>
      <Extensions>cpp;c;cxx;def;odl;idl;hpj;bat;asm;asmx</Extensions>
    </Filter>
    <Filter Include="Source Files">
      <UniqueIdentifier>{4FC737F1-C7A5-4376-A066-2A32D752A2FF}</UniqueIdentifier>
      <Extensions>cpp;c;cxx;def;odl;idl;hpj;bat;asm;asmx</Extensions>
    </Filter>
    <Filter Include="Generated Files\Release">
      <UniqueIdentifier>{6b825e53-6f95-44fc-96bf-80fc4a958d61}</UniqueIdentifier>
      <Extensions>cpp;moc</Extensions>
      <SourceControlFiles>False</SourceControlFiles>
    </Filter>
    <Filter Include="Generated Files\Debug">
      <UniqueIdentifier>{c50a56da-aa1a-4999-bdb2-a321ca9bda36}</UniqueIdentifier>
      <Extensions>cpp;moc</Extensions>
      <SourceControlFiles>False</SourceControlFiles>
    </Filter>
  </ItemGroup>
  <ItemGroup>
    <ClCompile Include="main.cpp">
      <Filter>Source Files</Filter>
    </ClCompile>
    <ClCompile Include="networkthread.cpp">
      <Filter>Source Files</Filter>
    </ClCompile>
    <ClCompile Include="pca9685interface.cpp">
      <Filter>Source Files</Filter>
    </ClCompile>
    <ClCompile Include="..\qtkHttpServer\qtkHttpServer.cpp">
      <Filter>Source Files</Filter>
    </ClCompile>
    <ClCompile Include="..\qtkHttpServer\qtkJsRpcServer.cpp">
      <Filter>Source Files</Filter>
    </ClCompile>
    <ClCompile Include="..\qtkHttpServer\qtkRtpCommand_.cpp">
      <Filter>Source Files</Filter>
    </ClCompile>
    <ClCompile Include="..\qtkApplicationParameters\qtkapplicationparameters.cpp">
      <Filter>Source Files</Filter>
    </ClCompile>
    <ClCompile Include="Release\moc_networkthread.cpp">
      <Filter>Generated Files\Release</Filter>
    </ClCompile>
    <ClCompile Include="Debug\moc_networkthread.cpp">
      <Filter>Generated Files\Debug</Filter>
    </ClCompile>
    <ClCompile Include="Release\moc_pca9685interface.cpp">
      <Filter>Generated Files\Release</Filter>
    </ClCompile>
    <ClCompile Include="Debug\moc_pca9685interface.cpp">
      <Filter>Generated Files\Debug</Filter>
    </ClCompile>
    <ClCompile Include="Release\moc_qtkHttpServer.cpp">
      <Filter>Generated Files\Release</Filter>
    </ClCompile>
    <ClCompile Include="Debug\moc_qtkHttpServer.cpp">
      <Filter>Generated Files\Debug</Filter>
    </ClCompile>
    <ClCompile Include="Release\moc_qtkJsRpcServer.cpp">
      <Filter>Generated Files\Release</Filter>
    </ClCompile>
    <ClCompile Include="Debug\moc_qtkJsRpcServer.cpp">
      <Filter>Generated Files\Debug</Filter>
    </ClCompile>
    <ClCompile Include="Release\moc_qtkRtpCommand_.cpp">
      <Filter>Generated Files\Release</Filter>
    </ClCompile>
    <ClCompile Include="Debug\moc_qtkRtpCommand_.cpp">
      <Filter>Generated Files\Debug</Filter>
    </ClCompile>
    <ClCompile Include="Release\moc_qtkRtpCommand_PwmSet.cpp">
      <Filter>Generated Files\Release</Filter>
    </ClCompile>
    <ClCompile Include="Debug\moc_qtkRtpCommand_PwmSet.cpp">
      <Filter>Generated Files\Debug</Filter>
    </ClCompile>
    <ClCompile Include="Release\moc_qtkapplicationparameters.cpp">
      <Filter>Generated Files\Release</Filter>
    </ClCompile>
    <ClCompile Include="Debug\moc_qtkapplicationparameters.cpp">
      <Filter>Generated Files\Debug</Filter>
    </ClCompile>
    <ClCompile Include="GeneratedFiles\qrc_tonimanero.cpp">
      <Filter>Generated Files</Filter>
    </ClCompile>
  </ItemGroup>
  <ItemGroup>
    <ClInclude Include="main.h">
      <Filter>Header Files</Filter>
    </ClInclude>
    <CustomBuild Include="networkthread.h">
      <Filter>Header Files</Filter>
    </CustomBuild>
    <ClInclude Include="pca9685events.h">
      <Filter>Header Files</Filter>
    </ClInclude>
    <CustomBuild Include="pca9685interface.h">
      <Filter>Header Files</Filter>
    </CustomBuild>
    <ClInclude Include="..\qtkHttpServer\qtkHttpCommon.h">
      <Filter>Header Files</Filter>
    </ClInclude>
    <CustomBuild Include="..\qtkHttpServer\qtkHttpServer.h">
      <Filter>Header Files</Filter>
    </CustomBuild>
    <ClInclude Include="..\config\qtkHttpServerConfig.h">
      <Filter>Header Files</Filter>
    </ClInclude>
    <CustomBuild Include="..\qtkHttpServer\qtkJsRpcServer.h">
      <Filter>Header Files</Filter>
    </CustomBuild>
    <CustomBuild Include="..\qtkHttpServer\qtkRtpCommand_.h">
      <Filter>Header Files</Filter>
    </CustomBuild>
    <ClInclude Include="..\rcpCommands\qtkRtpCommand_PwmSet.h">
      <Filter>Header Files</Filter>
    </ClInclude>
    <CustomBuild Include="..\rpcCommands\qtkRtpCommand_PwmSet.h">
      <Filter>Header Files</Filter>
    </CustomBuild>
    <CustomBuild Include="..\rpcCommands\qtkRtpCommand_Test.h">
      <Filter>Header Files</Filter>
    </CustomBuild>
    <ClInclude Include="..\rpcCommands\qtkRtpCommand_headers.h">
      <Filter>Header Files</Filter>
    </ClInclude>
    <ClInclude Include="..\rpcCommands\qtkRtpCommand_id.h">
      <Filter>Header Files</Filter>
    </ClInclude>
    <ClInclude Include="..\rpcCommands\qtkRtpCommandsInit.h">
      <Filter>Header Files</Filter>
    </ClInclude>
    <CustomBuild Include="..\qtkApplicationParameters\qtkapplicationparameters.h">
      <Filter>Header Files</Filter>
    </CustomBuild>
    <ClInclude Include="..\qtkVirtualMIDI\qtkvirtualmidistructs.h">
      <Filter>Header Files</Filter>
    </ClInclude>
  </ItemGroup>
  <ItemGroup>
    <ClCompile Include="debug\moc_qtkRtpCommand_Test.cpp">
      <Filter>Generated Files</Filter>
    </ClCompile>
    <ClCompile Include="release\moc_qtkRtpCommand_Test.cpp">
      <Filter>Generated Files</Filter>
    </ClCompile>
  </ItemGroup>
  <ItemGroup>
    <None Include="toniManero.ico">
      <Filter>Resource Files</Filter>
    </None>
    <CustomBuild Include="tonimanero.qrc">
      <Filter>Resource Files</Filter>
    </CustomBuild>
  </ItemGroup>
  <ItemGroup>
    <ResourceCompile Include="D:\pimcw\toniManero\toniManero_resource.rc" />
  </ItemGroup>
</Project>